{
  "originHash" : "a70ac4c62bd536cc7b2b1d4cf01e9eb951dc87cd3cf1a0e0b9e83b16add5f6d7",
  "pins" : [
    {
      "identity" : "highlighterswift",
      "kind" : "remoteSourceControl",
      "location" : "https://github.com/smittytone/HighlighterSwift",
      "state" : {
        "revision" : "fe7aae9c9b31d3b296fd3d2dd575e1a207bb29e0",
        "version" : "3.1.0"
      }
    }
  ],
  "version" : 3
}
